
Microsoft Visual Studio Solution File, Format Version 12.00
# Visual Studio 15
VisualStudioVersion = 15.0.26124.0
MinimumVisualStudioVersion = 15.0.26124.0
Project("{2150E333-8FDC-42A3-9474-1A3956D46DE8}") = "tests", "tests", "{97E7C11C-E8EC-4BED-96D1-BB938C93AC64}"
EndProject
Project("{F2A71F9B-5D33-465A-A702-920D77279786}") = "Orleans.Functional.UnitTests", "tests\Orleans.Functional.UnitTests\Orleans.Functional.UnitTests.fsproj", "{D80A9251-1147-4DEF-B3A3-39E1F1271F97}"
EndProject
Global
	GlobalSection(SolutionConfigurationPlatforms) = preSolution
		Debug|Any CPU = Debug|Any CPU
		Debug|x64 = Debug|x64
		Debug|x86 = Debug|x86
		Release|Any CPU = Release|Any CPU
		Release|x64 = Release|x64
		Release|x86 = Release|x86
	EndGlobalSection
	GlobalSection(SolutionProperties) = preSolution
		HideSolutionNode = FALSE
	EndGlobalSection
	GlobalSection(ProjectConfigurationPlatforms) = postSolution
		{D80A9251-1147-4DEF-B3A3-39E1F1271F97}.Debug|Any CPU.ActiveCfg = Debug|Any CPU
		{D80A9251-1147-4DEF-B3A3-39E1F1271F97}.Debug|Any CPU.Build.0 = Debug|Any CPU
		{D80A9251-1147-4DEF-B3A3-39E1F1271F97}.Debug|x64.ActiveCfg = Debug|Any CPU
		{D80A9251-1147-4DEF-B3A3-39E1F1271F97}.Debug|x64.Build.0 = Debug|Any CPU
		{D80A9251-1147-4DEF-B3A3-39E1F1271F97}.Debug|x86.ActiveCfg = Debug|Any CPU
		{D80A9251-1147-4DEF-B3A3-39E1F1271F97}.Debug|x86.Build.0 = Debug|Any CPU
		{D80A9251-1147-4DEF-B3A3-39E1F1271F97}.Release|Any CPU.ActiveCfg = Release|Any CPU
		{D80A9251-1147-4DEF-B3A3-39E1F1271F97}.Release|Any CPU.Build.0 = Release|Any CPU
		{D80A9251-1147-4DEF-B3A3-39E1F1271F97}.Release|x64.ActiveCfg = Release|Any CPU
		{D80A9251-1147-4DEF-B3A3-39E1F1271F97}.Release|x64.Build.0 = Release|Any CPU
		{D80A9251-1147-4DEF-B3A3-39E1F1271F97}.Release|x86.ActiveCfg = Release|Any CPU
		{D80A9251-1147-4DEF-B3A3-39E1F1271F97}.Release|x86.Build.0 = Release|Any CPU
	EndGlobalSection
	GlobalSection(NestedProjects) = preSolution
		{D80A9251-1147-4DEF-B3A3-39E1F1271F97} = {97E7C11C-E8EC-4BED-96D1-BB938C93AC64}
	EndGlobalSection
EndGlobal
